
Microsoft Visual Studio Solution File, Format Version 12.00
# Visual Studio 2013
VisualStudioVersion = 12.0.21005.1
MinimumVisualStudioVersion = 10.0.40219.1
Project("{FAE04EC0-301F-11D3-BF4B-00C04F79EFBC}") = "NancyAAD.Client", "NancyAAD.Client\NancyAAD.Client.csproj", "{07F64DA5-94B5-4C53-8462-23FFCE31E5E3}"
EndProject
Project("{FAE04EC0-301F-11D3-BF4B-00C04F79EFBC}") = "NancyAAD.Server", "NancyAAD.Server\NancyAAD.Server.csproj", "{040648B2-3A61-49C2-B218-F16DF2055A28}"
EndProject
Global
	GlobalSection(SolutionConfigurationPlatforms) = preSolution
		Debug|Any CPU = Debug|Any CPU
		Release|Any CPU = Release|Any CPU
	EndGlobalSection
	GlobalSection(ProjectConfigurationPlatforms) = postSolution
		{07F64DA5-94B5-4C53-8462-23FFCE31E5E3}.Debug|Any CPU.ActiveCfg = Debug|Any CPU
		{07F64DA5-94B5-4C53-8462-23FFCE31E5E3}.Debug|Any CPU.Build.0 = Debug|Any CPU
		{07F64DA5-94B5-4C53-8462-23FFCE31E5E3}.Release|Any CPU.ActiveCfg = Release|Any CPU
		{07F64DA5-94B5-4C53-8462-23FFCE31E5E3}.Release|Any CPU.Build.0 = Release|Any CPU
		{040648B2-3A61-49C2-B218-F16DF2055A28}.Debug|Any CPU.ActiveCfg = Debug|Any CPU
		{040648B2-3A61-49C2-B218-F16DF2055A28}.Debug|Any CPU.Build.0 = Debug|Any CPU
		{040648B2-3A61-49C2-B218-F16DF2055A28}.Release|Any CPU.ActiveCfg = Release|Any CPU
		{040648B2-3A61-49C2-B218-F16DF2055A28}.Release|Any CPU.Build.0 = Release|Any CPU
	EndGlobalSection
	GlobalSection(SolutionProperties) = preSolution
		HideSolutionNode = FALSE
	EndGlobalSection
EndGlobal
